
Microsoft Visual Studio Solution File, Format Version 12.00
# Visual Studio Version 16
VisualStudioVersion = 16.0.29424.173
MinimumVisualStudioVersion = 10.0.40219.1
Project("{9A19103F-16F7-4668-BE54-9A1E7A4F7556}") = "ServerService", "ServerService.csproj", "{58CAE9AF-3CD3-4A16-96D8-038726C107F6}"
EndProject
Project("{FAE04EC0-301F-11D3-BF4B-00C04F79EFBC}") = "cspread", "..\..\..\data\alcatraz\cspread-src\cspread\cspread.csproj", "{148EFE3F-8751-46ED-8D9E-112DE17FF781}"
EndProject
Global
	GlobalSection(SolutionConfigurationPlatforms) = preSolution
		Debug|Any CPU = Debug|Any CPU
		Release|Any CPU = Release|Any CPU
	EndGlobalSection
	GlobalSection(ProjectConfigurationPlatforms) = postSolution
		{58CAE9AF-3CD3-4A16-96D8-038726C107F6}.Debug|Any CPU.ActiveCfg = Debug|Any CPU
		{58CAE9AF-3CD3-4A16-96D8-038726C107F6}.Debug|Any CPU.Build.0 = Debug|Any CPU
		{58CAE9AF-3CD3-4A16-96D8-038726C107F6}.Release|Any CPU.ActiveCfg = Release|Any CPU
		{58CAE9AF-3CD3-4A16-96D8-038726C107F6}.Release|Any CPU.Build.0 = Release|Any CPU
		{148EFE3F-8751-46ED-8D9E-112DE17FF781}.Debug|Any CPU.ActiveCfg = Debug|Any CPU
		{148EFE3F-8751-46ED-8D9E-112DE17FF781}.Debug|Any CPU.Build.0 = Debug|Any CPU
		{148EFE3F-8751-46ED-8D9E-112DE17FF781}.Release|Any CPU.ActiveCfg = Release|Any CPU
		{148EFE3F-8751-46ED-8D9E-112DE17FF781}.Release|Any CPU.Build.0 = Release|Any CPU
	EndGlobalSection
	GlobalSection(SolutionProperties) = preSolution
		HideSolutionNode = FALSE
	EndGlobalSection
	GlobalSection(ExtensibilityGlobals) = postSolution
		SolutionGuid = {ADB84211-E0DC-48B0-BC25-B07632309A71}
	EndGlobalSection
EndGlobal
